
Microsoft Visual Studio Solution File, Format Version 12.00
# Visual Studio 2012
Project("{FAE04EC0-301F-11D3-BF4B-00C04F79EFBC}") = "FlashCardApp.Store", "FlashCardApp.Store\FlashCardApp.Store.csproj", "{9D9A2803-CF48-4AF5-9F22-468928BF106E}"
	ProjectSection(ProjectDependencies) = postProject
		{FAA2E653-90C3-4EA4-8F95-2AA8C752771B} = {FAA2E653-90C3-4EA4-8F95-2AA8C752771B}
	EndProjectSection
EndProject
Project("{FAE04EC0-301F-11D3-BF4B-00C04F79EFBC}") = "FlashCardApp.Core", "FlashCardApp.Core\FlashCardApp.Core.csproj", "{063BEC66-7FD5-4367-8608-6A075E562767}"
EndProject
Project("{CC5FD16D-436D-48AD-A40C-5A424C6E3E79}") = "AppTestService", "AppTestService\AppTestService.ccproj", "{8A9447FF-489F-4990-8D19-91024AE4F458}"
EndProject
Project("{FAE04EC0-301F-11D3-BF4B-00C04F79EFBC}") = "FlashCardService", "FlashCardTestService\FlashCardService.csproj", "{FAA2E653-90C3-4EA4-8F95-2AA8C752771B}"
EndProject
Project("{FAE04EC0-301F-11D3-BF4B-00C04F79EFBC}") = "FlashCardApp.UnitTests", "FlashCardApp.UnitTests\FlashCardApp.UnitTests.csproj", "{A8E6F616-DC0D-45E5-B3DC-57A1B9171D84}"
EndProject
Project("{FAE04EC0-301F-11D3-BF4B-00C04F79EFBC}") = "ConsoleApplication1", "..\..\..\..\Developer\CreateDatabaseConsoleApp\ConsoleApplication1\ConsoleApplication1.csproj", "{6E76068A-E025-481F-BBB9-653C16096FCE}"
EndProject
Project("{FAE04EC0-301F-11D3-BF4B-00C04F79EFBC}") = "FlashCardApp.Web", "FlashCardApp.Web\FlashCardApp.Web.csproj", "{350CBB69-B217-4D5A-9738-A5AB90790CFD}"
EndProject
Global
	GlobalSection(SolutionConfigurationPlatforms) = preSolution
		Debug|Any CPU = Debug|Any CPU
		Debug|ARM = Debug|ARM
		Debug|Mixed Platforms = Debug|Mixed Platforms
		Debug|x64 = Debug|x64
		Debug|x86 = Debug|x86
		Release|Any CPU = Release|Any CPU
		Release|ARM = Release|ARM
		Release|Mixed Platforms = Release|Mixed Platforms
		Release|x64 = Release|x64
		Release|x86 = Release|x86
	EndGlobalSection
	GlobalSection(ProjectConfigurationPlatforms) = postSolution
		{9D9A2803-CF48-4AF5-9F22-468928BF106E}.Debug|Any CPU.ActiveCfg = Debug|x86
		{9D9A2803-CF48-4AF5-9F22-468928BF106E}.Debug|Any CPU.Build.0 = Debug|x86
		{9D9A2803-CF48-4AF5-9F22-468928BF106E}.Debug|Any CPU.Deploy.0 = Debug|x86
		{9D9A2803-CF48-4AF5-9F22-468928BF106E}.Debug|ARM.ActiveCfg = Debug|ARM
		{9D9A2803-CF48-4AF5-9F22-468928BF106E}.Debug|ARM.Build.0 = Debug|ARM
		{9D9A2803-CF48-4AF5-9F22-468928BF106E}.Debug|ARM.Deploy.0 = Debug|ARM
		{9D9A2803-CF48-4AF5-9F22-468928BF106E}.Debug|Mixed Platforms.ActiveCfg = Debug|x86
		{9D9A2803-CF48-4AF5-9F22-468928BF106E}.Debug|Mixed Platforms.Build.0 = Debug|x86
		{9D9A2803-CF48-4AF5-9F22-468928BF106E}.Debug|Mixed Platforms.Deploy.0 = Debug|x86
		{9D9A2803-CF48-4AF5-9F22-468928BF106E}.Debug|x64.ActiveCfg = Debug|x64
		{9D9A2803-CF48-4AF5-9F22-468928BF106E}.Debug|x64.Build.0 = Debug|x64
		{9D9A2803-CF48-4AF5-9F22-468928BF106E}.Debug|x64.Deploy.0 = Debug|x64
		{9D9A2803-CF48-4AF5-9F22-468928BF106E}.Debug|x86.ActiveCfg = Debug|x86
		{9D9A2803-CF48-4AF5-9F22-468928BF106E}.Debug|x86.Build.0 = Debug|x86
		{9D9A2803-CF48-4AF5-9F22-468928BF106E}.Debug|x86.Deploy.0 = Debug|x86
		{9D9A2803-CF48-4AF5-9F22-468928BF106E}.Release|Any CPU.ActiveCfg = Release|Any CPU
		{9D9A2803-CF48-4AF5-9F22-468928BF106E}.Release|Any CPU.Build.0 = Release|Any CPU
		{9D9A2803-CF48-4AF5-9F22-468928BF106E}.Release|Any CPU.Deploy.0 = Release|Any CPU
		{9D9A2803-CF48-4AF5-9F22-468928BF106E}.Release|ARM.ActiveCfg = Release|ARM
		{9D9A2803-CF48-4AF5-9F22-468928BF106E}.Release|ARM.Build.0 = Release|ARM
		{9D9A2803-CF48-4AF5-9F22-468928BF106E}.Release|ARM.Deploy.0 = Release|ARM
		{9D9A2803-CF48-4AF5-9F22-468928BF106E}.Release|Mixed Platforms.ActiveCfg = Release|x86
		{9D9A2803-CF48-4AF5-9F22-468928BF106E}.Release|Mixed Platforms.Build.0 = Release|x86
		{9D9A2803-CF48-4AF5-9F22-468928BF106E}.Release|Mixed Platforms.Deploy.0 = Release|x86
		{9D9A2803-CF48-4AF5-9F22-468928BF106E}.Release|x64.ActiveCfg = Release|x64
		{9D9A2803-CF48-4AF5-9F22-468928BF106E}.Release|x64.Build.0 = Release|x64
		{9D9A2803-CF48-4AF5-9F22-468928BF106E}.Release|x64.Deploy.0 = Release|x64
		{9D9A2803-CF48-4AF5-9F22-468928BF106E}.Release|x86.ActiveCfg = Release|x86
		{9D9A2803-CF48-4AF5-9F22-468928BF106E}.Release|x86.Build.0 = Release|x86
		{9D9A2803-CF48-4AF5-9F22-468928BF106E}.Release|x86.Deploy.0 = Release|x86
		{063BEC66-7FD5-4367-8608-6A075E562767}.Debug|Any CPU.ActiveCfg = Debug|Any CPU
		{063BEC66-7FD5-4367-8608-6A075E562767}.Debug|Any CPU.Build.0 = Debug|Any CPU
		{063BEC66-7FD5-4367-8608-6A075E562767}.Debug|ARM.ActiveCfg = Debug|Any CPU
		{063BEC66-7FD5-4367-8608-6A075E562767}.Debug|Mixed Platforms.ActiveCfg = Debug|Any CPU
		{063BEC66-7FD5-4367-8608-6A075E562767}.Debug|Mixed Platforms.Build.0 = Debug|Any CPU
		{063BEC66-7FD5-4367-8608-6A075E562767}.Debug|x64.ActiveCfg = Debug|Any CPU
		{063BEC66-7FD5-4367-8608-6A075E562767}.Debug|x86.ActiveCfg = Debug|Any CPU
		{063BEC66-7FD5-4367-8608-6A075E562767}.Debug|x86.Build.0 = Debug|Any CPU
		{063BEC66-7FD5-4367-8608-6A075E562767}.Release|Any CPU.ActiveCfg = Release|Any CPU
		{063BEC66-7FD5-4367-8608-6A075E562767}.Release|Any CPU.Build.0 = Release|Any CPU
		{063BEC66-7FD5-4367-8608-6A075E562767}.Release|ARM.ActiveCfg = Release|Any CPU
		{063BEC66-7FD5-4367-8608-6A075E562767}.Release|Mixed Platforms.ActiveCfg = Release|Any CPU
		{063BEC66-7FD5-4367-8608-6A075E562767}.Release|Mixed Platforms.Build.0 = Release|Any CPU
		{063BEC66-7FD5-4367-8608-6A075E562767}.Release|x64.ActiveCfg = Release|Any CPU
		{063BEC66-7FD5-4367-8608-6A075E562767}.Release|x86.ActiveCfg = Release|Any CPU
		{8A9447FF-489F-4990-8D19-91024AE4F458}.Debug|Any CPU.ActiveCfg = Debug|Any CPU
		{8A9447FF-489F-4990-8D19-91024AE4F458}.Debug|Any CPU.Build.0 = Debug|Any CPU
		{8A9447FF-489F-4990-8D19-91024AE4F458}.Debug|ARM.ActiveCfg = Debug|Any CPU
		{8A9447FF-489F-4990-8D19-91024AE4F458}.Debug|Mixed Platforms.ActiveCfg = Debug|Any CPU
		{8A9447FF-489F-4990-8D19-91024AE4F458}.Debug|Mixed Platforms.Build.0 = Debug|Any CPU
		{8A9447FF-489F-4990-8D19-91024AE4F458}.Debug|x64.ActiveCfg = Debug|Any CPU
		{8A9447FF-489F-4990-8D19-91024AE4F458}.Debug|x86.ActiveCfg = Debug|Any CPU
		{8A9447FF-489F-4990-8D19-91024AE4F458}.Release|Any CPU.ActiveCfg = Release|Any CPU
		{8A9447FF-489F-4990-8D19-91024AE4F458}.Release|Any CPU.Build.0 = Release|Any CPU
		{8A9447FF-489F-4990-8D19-91024AE4F458}.Release|ARM.ActiveCfg = Release|Any CPU
		{8A9447FF-489F-4990-8D19-91024AE4F458}.Release|Mixed Platforms.ActiveCfg = Release|Any CPU
		{8A9447FF-489F-4990-8D19-91024AE4F458}.Release|Mixed Platforms.Build.0 = Release|Any CPU
		{8A9447FF-489F-4990-8D19-91024AE4F458}.Release|x64.ActiveCfg = Release|Any CPU
		{8A9447FF-489F-4990-8D19-91024AE4F458}.Release|x86.ActiveCfg = Release|Any CPU
		{FAA2E653-90C3-4EA4-8F95-2AA8C752771B}.Debug|Any CPU.ActiveCfg = Debug|Any CPU
		{FAA2E653-90C3-4EA4-8F95-2AA8C752771B}.Debug|Any CPU.Build.0 = Debug|Any CPU
		{FAA2E653-90C3-4EA4-8F95-2AA8C752771B}.Debug|ARM.ActiveCfg = Debug|Any CPU
		{FAA2E653-90C3-4EA4-8F95-2AA8C752771B}.Debug|Mixed Platforms.ActiveCfg = Debug|Any CPU
		{FAA2E653-90C3-4EA4-8F95-2AA8C752771B}.Debug|Mixed Platforms.Build.0 = Debug|Any CPU
		{FAA2E653-90C3-4EA4-8F95-2AA8C752771B}.Debug|x64.ActiveCfg = Debug|Any CPU
		{FAA2E653-90C3-4EA4-8F95-2AA8C752771B}.Debug|x86.ActiveCfg = Debug|Any CPU
		{FAA2E653-90C3-4EA4-8F95-2AA8C752771B}.Release|Any CPU.ActiveCfg = Release|Any CPU
		{FAA2E653-90C3-4EA4-8F95-2AA8C752771B}.Release|Any CPU.Build.0 = Release|Any CPU
		{FAA2E653-90C3-4EA4-8F95-2AA8C752771B}.Release|ARM.ActiveCfg = Release|Any CPU
		{FAA2E653-90C3-4EA4-8F95-2AA8C752771B}.Release|Mixed Platforms.ActiveCfg = Release|Any CPU
		{FAA2E653-90C3-4EA4-8F95-2AA8C752771B}.Release|Mixed Platforms.Build.0 = Release|Any CPU
		{FAA2E653-90C3-4EA4-8F95-2AA8C752771B}.Release|x64.ActiveCfg = Release|Any CPU
		{FAA2E653-90C3-4EA4-8F95-2AA8C752771B}.Release|x86.ActiveCfg = Release|Any CPU
		{A8E6F616-DC0D-45E5-B3DC-57A1B9171D84}.Debug|Any CPU.ActiveCfg = Debug|Any CPU
		{A8E6F616-DC0D-45E5-B3DC-57A1B9171D84}.Debug|Any CPU.Build.0 = Debug|Any CPU
		{A8E6F616-DC0D-45E5-B3DC-57A1B9171D84}.Debug|ARM.ActiveCfg = Debug|Any CPU
		{A8E6F616-DC0D-45E5-B3DC-57A1B9171D84}.Debug|Mixed Platforms.ActiveCfg = Debug|Any CPU
		{A8E6F616-DC0D-45E5-B3DC-57A1B9171D84}.Debug|Mixed Platforms.Build.0 = Debug|Any CPU
		{A8E6F616-DC0D-45E5-B3DC-57A1B9171D84}.Debug|x64.ActiveCfg = Debug|Any CPU
		{A8E6F616-DC0D-45E5-B3DC-57A1B9171D84}.Debug|x86.ActiveCfg = Debug|Any CPU
		{A8E6F616-DC0D-45E5-B3DC-57A1B9171D84}.Release|Any CPU.ActiveCfg = Release|Any CPU
		{A8E6F616-DC0D-45E5-B3DC-57A1B9171D84}.Release|Any CPU.Build.0 = Release|Any CPU
		{A8E6F616-DC0D-45E5-B3DC-57A1B9171D84}.Release|ARM.ActiveCfg = Release|Any CPU
		{A8E6F616-DC0D-45E5-B3DC-57A1B9171D84}.Release|Mixed Platforms.ActiveCfg = Release|Any CPU
		{A8E6F616-DC0D-45E5-B3DC-57A1B9171D84}.Release|Mixed Platforms.Build.0 = Release|Any CPU
		{A8E6F616-DC0D-45E5-B3DC-57A1B9171D84}.Release|x64.ActiveCfg = Release|Any CPU
		{A8E6F616-DC0D-45E5-B3DC-57A1B9171D84}.Release|x86.ActiveCfg = Release|Any CPU
		{6E76068A-E025-481F-BBB9-653C16096FCE}.Debug|Any CPU.ActiveCfg = Debug|Any CPU
		{6E76068A-E025-481F-BBB9-653C16096FCE}.Debug|Any CPU.Build.0 = Debug|Any CPU
		{6E76068A-E025-481F-BBB9-653C16096FCE}.Debug|ARM.ActiveCfg = Debug|Any CPU
		{6E76068A-E025-481F-BBB9-653C16096FCE}.Debug|Mixed Platforms.ActiveCfg = Debug|Any CPU
		{6E76068A-E025-481F-BBB9-653C16096FCE}.Debug|Mixed Platforms.Build.0 = Debug|Any CPU
		{6E76068A-E025-481F-BBB9-653C16096FCE}.Debug|x64.ActiveCfg = Debug|Any CPU
		{6E76068A-E025-481F-BBB9-653C16096FCE}.Debug|x86.ActiveCfg = Debug|Any CPU
		{6E76068A-E025-481F-BBB9-653C16096FCE}.Release|Any CPU.ActiveCfg = Release|Any CPU
		{6E76068A-E025-481F-BBB9-653C16096FCE}.Release|Any CPU.Build.0 = Release|Any CPU
		{6E76068A-E025-481F-BBB9-653C16096FCE}.Release|ARM.ActiveCfg = Release|Any CPU
		{6E76068A-E025-481F-BBB9-653C16096FCE}.Release|Mixed Platforms.ActiveCfg = Release|Any CPU
		{6E76068A-E025-481F-BBB9-653C16096FCE}.Release|Mixed Platforms.Build.0 = Release|Any CPU
		{6E76068A-E025-481F-BBB9-653C16096FCE}.Release|x64.ActiveCfg = Release|Any CPU
		{6E76068A-E025-481F-BBB9-653C16096FCE}.Release|x86.ActiveCfg = Release|Any CPU
		{350CBB69-B217-4D5A-9738-A5AB90790CFD}.Debug|Any CPU.ActiveCfg = Debug|Any CPU
		{350CBB69-B217-4D5A-9738-A5AB90790CFD}.Debug|Any CPU.Build.0 = Debug|Any CPU
		{350CBB69-B217-4D5A-9738-A5AB90790CFD}.Debug|ARM.ActiveCfg = Debug|Any CPU
		{350CBB69-B217-4D5A-9738-A5AB90790CFD}.Debug|Mixed Platforms.ActiveCfg = Debug|Any CPU
		{350CBB69-B217-4D5A-9738-A5AB90790CFD}.Debug|Mixed Platforms.Build.0 = Debug|Any CPU
		{350CBB69-B217-4D5A-9738-A5AB90790CFD}.Debug|x64.ActiveCfg = Debug|Any CPU
		{350CBB69-B217-4D5A-9738-A5AB90790CFD}.Debug|x86.ActiveCfg = Debug|Any CPU
		{350CBB69-B217-4D5A-9738-A5AB90790CFD}.Release|Any CPU.ActiveCfg = Release|Any CPU
		{350CBB69-B217-4D5A-9738-A5AB90790CFD}.Release|Any CPU.Build.0 = Release|Any CPU
		{350CBB69-B217-4D5A-9738-A5AB90790CFD}.Release|ARM.ActiveCfg = Release|Any CPU
		{350CBB69-B217-4D5A-9738-A5AB90790CFD}.Release|Mixed Platforms.ActiveCfg = Release|Any CPU
		{350CBB69-B217-4D5A-9738-A5AB90790CFD}.Release|Mixed Platforms.Build.0 = Release|Any CPU
		{350CBB69-B217-4D5A-9738-A5AB90790CFD}.Release|x64.ActiveCfg = Release|Any CPU
		{350CBB69-B217-4D5A-9738-A5AB90790CFD}.Release|x86.ActiveCfg = Release|Any CPU
	EndGlobalSection
	GlobalSection(SolutionProperties) = preSolution
		HideSolutionNode = FALSE
	EndGlobalSection
EndGlobal
