
Microsoft Visual Studio Solution File, Format Version 12.00
# Visual Studio 2013
VisualStudioVersion = 12.0.30723.0
MinimumVisualStudioVersion = 10.0.40219.1
Project("{FAE04EC0-301F-11D3-BF4B-00C04F79EFBC}") = "FlashCardApp.Store", "FlashCardApp.Store\FlashCardApp.Store.csproj", "{9D9A2803-CF48-4AF5-9F22-468928BF106E}"
	ProjectSection(ProjectDependencies) = postProject
		{FAA2E653-90C3-4EA4-8F95-2AA8C752771B} = {FAA2E653-90C3-4EA4-8F95-2AA8C752771B}
	EndProjectSection
EndProject
Project("{FAE04EC0-301F-11D3-BF4B-00C04F79EFBC}") = "FlashCardApp.Core", "FlashCardApp.Core\FlashCardApp.Core.csproj", "{063BEC66-7FD5-4367-8608-6A075E562767}"
EndProject
Project("{FAE04EC0-301F-11D3-BF4B-00C04F79EFBC}") = "FlashCardService", "FlashCardTestService\FlashCardService.csproj", "{FAA2E653-90C3-4EA4-8F95-2AA8C752771B}"
EndProject
Project("{FAE04EC0-301F-11D3-BF4B-00C04F79EFBC}") = "FlashCardApp.WindowsPhone", "FlashCardApp.WindowsPhone\FlashCardApp.WindowsPhone.csproj", "{4F6D9509-DBAD-4910-890E-822F0E78FECE}"
EndProject
Project("{2150E333-8FDC-42A3-9474-1A3956D46DE8}") = ".nuget", ".nuget", "{19315D79-BAD2-4D38-98F2-7116363EF443}"
	ProjectSection(SolutionItems) = preProject
		.nuget\NuGet.Config = .nuget\NuGet.Config
		.nuget\NuGet.exe = .nuget\NuGet.exe
		.nuget\NuGet.targets = .nuget\NuGet.targets
	EndProjectSection
EndProject
Project("{FAE04EC0-301F-11D3-BF4B-00C04F79EFBC}") = "FlashCardApp.Touch", "FlashCardApp.Touch\FlashCardApp.Touch.csproj", "{959AEE18-071A-4222-9A21-EC45BFBBA492}"
EndProject
Global
	GlobalSection(SolutionConfigurationPlatforms) = preSolution
		Ad-Hoc|Any CPU = Ad-Hoc|Any CPU
		Ad-Hoc|ARM = Ad-Hoc|ARM
		Ad-Hoc|iPhone = Ad-Hoc|iPhone
		Ad-Hoc|iPhoneSimulator = Ad-Hoc|iPhoneSimulator
		Ad-Hoc|Mixed Platforms = Ad-Hoc|Mixed Platforms
		Ad-Hoc|x64 = Ad-Hoc|x64
		Ad-Hoc|x86 = Ad-Hoc|x86
		AppStore|Any CPU = AppStore|Any CPU
		AppStore|ARM = AppStore|ARM
		AppStore|iPhone = AppStore|iPhone
		AppStore|iPhoneSimulator = AppStore|iPhoneSimulator
		AppStore|Mixed Platforms = AppStore|Mixed Platforms
		AppStore|x64 = AppStore|x64
		AppStore|x86 = AppStore|x86
		Debug|Any CPU = Debug|Any CPU
		Debug|ARM = Debug|ARM
		Debug|iPhone = Debug|iPhone
		Debug|iPhoneSimulator = Debug|iPhoneSimulator
		Debug|Mixed Platforms = Debug|Mixed Platforms
		Debug|x64 = Debug|x64
		Debug|x86 = Debug|x86
		Release|Any CPU = Release|Any CPU
		Release|ARM = Release|ARM
		Release|iPhone = Release|iPhone
		Release|iPhoneSimulator = Release|iPhoneSimulator
		Release|Mixed Platforms = Release|Mixed Platforms
		Release|x64 = Release|x64
		Release|x86 = Release|x86
	EndGlobalSection
	GlobalSection(ProjectConfigurationPlatforms) = postSolution
		{9D9A2803-CF48-4AF5-9F22-468928BF106E}.Ad-Hoc|Any CPU.ActiveCfg = Debug|Any CPU
		{9D9A2803-CF48-4AF5-9F22-468928BF106E}.Ad-Hoc|Any CPU.Build.0 = Debug|Any CPU
		{9D9A2803-CF48-4AF5-9F22-468928BF106E}.Ad-Hoc|Any CPU.Deploy.0 = Debug|Any CPU
		{9D9A2803-CF48-4AF5-9F22-468928BF106E}.Ad-Hoc|ARM.ActiveCfg = Release|ARM
		{9D9A2803-CF48-4AF5-9F22-468928BF106E}.Ad-Hoc|ARM.Build.0 = Release|ARM
		{9D9A2803-CF48-4AF5-9F22-468928BF106E}.Ad-Hoc|ARM.Deploy.0 = Release|ARM
		{9D9A2803-CF48-4AF5-9F22-468928BF106E}.Ad-Hoc|iPhone.ActiveCfg = Debug|Any CPU
		{9D9A2803-CF48-4AF5-9F22-468928BF106E}.Ad-Hoc|iPhoneSimulator.ActiveCfg = Debug|Any CPU
		{9D9A2803-CF48-4AF5-9F22-468928BF106E}.Ad-Hoc|Mixed Platforms.ActiveCfg = Release|x86
		{9D9A2803-CF48-4AF5-9F22-468928BF106E}.Ad-Hoc|Mixed Platforms.Build.0 = Release|x86
		{9D9A2803-CF48-4AF5-9F22-468928BF106E}.Ad-Hoc|Mixed Platforms.Deploy.0 = Release|x86
		{9D9A2803-CF48-4AF5-9F22-468928BF106E}.Ad-Hoc|x64.ActiveCfg = Release|x64
		{9D9A2803-CF48-4AF5-9F22-468928BF106E}.Ad-Hoc|x64.Build.0 = Release|x64
		{9D9A2803-CF48-4AF5-9F22-468928BF106E}.Ad-Hoc|x64.Deploy.0 = Release|x64
		{9D9A2803-CF48-4AF5-9F22-468928BF106E}.Ad-Hoc|x86.ActiveCfg = Release|x86
		{9D9A2803-CF48-4AF5-9F22-468928BF106E}.Ad-Hoc|x86.Build.0 = Release|x86
		{9D9A2803-CF48-4AF5-9F22-468928BF106E}.Ad-Hoc|x86.Deploy.0 = Release|x86
		{9D9A2803-CF48-4AF5-9F22-468928BF106E}.AppStore|Any CPU.ActiveCfg = Debug|Any CPU
		{9D9A2803-CF48-4AF5-9F22-468928BF106E}.AppStore|Any CPU.Build.0 = Debug|Any CPU
		{9D9A2803-CF48-4AF5-9F22-468928BF106E}.AppStore|Any CPU.Deploy.0 = Debug|Any CPU
		{9D9A2803-CF48-4AF5-9F22-468928BF106E}.AppStore|ARM.ActiveCfg = Release|ARM
		{9D9A2803-CF48-4AF5-9F22-468928BF106E}.AppStore|ARM.Build.0 = Release|ARM
		{9D9A2803-CF48-4AF5-9F22-468928BF106E}.AppStore|ARM.Deploy.0 = Release|ARM
		{9D9A2803-CF48-4AF5-9F22-468928BF106E}.AppStore|iPhone.ActiveCfg = Debug|Any CPU
		{9D9A2803-CF48-4AF5-9F22-468928BF106E}.AppStore|iPhoneSimulator.ActiveCfg = Debug|Any CPU
		{9D9A2803-CF48-4AF5-9F22-468928BF106E}.AppStore|Mixed Platforms.ActiveCfg = Release|x86
		{9D9A2803-CF48-4AF5-9F22-468928BF106E}.AppStore|Mixed Platforms.Build.0 = Release|x86
		{9D9A2803-CF48-4AF5-9F22-468928BF106E}.AppStore|Mixed Platforms.Deploy.0 = Release|x86
		{9D9A2803-CF48-4AF5-9F22-468928BF106E}.AppStore|x64.ActiveCfg = Release|x64
		{9D9A2803-CF48-4AF5-9F22-468928BF106E}.AppStore|x64.Build.0 = Release|x64
		{9D9A2803-CF48-4AF5-9F22-468928BF106E}.AppStore|x64.Deploy.0 = Release|x64
		{9D9A2803-CF48-4AF5-9F22-468928BF106E}.AppStore|x86.ActiveCfg = Release|x86
		{9D9A2803-CF48-4AF5-9F22-468928BF106E}.AppStore|x86.Build.0 = Release|x86
		{9D9A2803-CF48-4AF5-9F22-468928BF106E}.AppStore|x86.Deploy.0 = Release|x86
		{9D9A2803-CF48-4AF5-9F22-468928BF106E}.Debug|Any CPU.ActiveCfg = Debug|x86
		{9D9A2803-CF48-4AF5-9F22-468928BF106E}.Debug|Any CPU.Build.0 = Debug|x86
		{9D9A2803-CF48-4AF5-9F22-468928BF106E}.Debug|Any CPU.Deploy.0 = Debug|x86
		{9D9A2803-CF48-4AF5-9F22-468928BF106E}.Debug|ARM.ActiveCfg = Debug|ARM
		{9D9A2803-CF48-4AF5-9F22-468928BF106E}.Debug|ARM.Build.0 = Debug|ARM
		{9D9A2803-CF48-4AF5-9F22-468928BF106E}.Debug|ARM.Deploy.0 = Debug|ARM
		{9D9A2803-CF48-4AF5-9F22-468928BF106E}.Debug|iPhone.ActiveCfg = Debug|Any CPU
		{9D9A2803-CF48-4AF5-9F22-468928BF106E}.Debug|iPhoneSimulator.ActiveCfg = Debug|Any CPU
		{9D9A2803-CF48-4AF5-9F22-468928BF106E}.Debug|Mixed Platforms.ActiveCfg = Debug|x86
		{9D9A2803-CF48-4AF5-9F22-468928BF106E}.Debug|Mixed Platforms.Build.0 = Debug|x86
		{9D9A2803-CF48-4AF5-9F22-468928BF106E}.Debug|Mixed Platforms.Deploy.0 = Debug|x86
		{9D9A2803-CF48-4AF5-9F22-468928BF106E}.Debug|x64.ActiveCfg = Debug|x64
		{9D9A2803-CF48-4AF5-9F22-468928BF106E}.Debug|x64.Build.0 = Debug|x64
		{9D9A2803-CF48-4AF5-9F22-468928BF106E}.Debug|x64.Deploy.0 = Debug|x64
		{9D9A2803-CF48-4AF5-9F22-468928BF106E}.Debug|x86.ActiveCfg = Debug|x86
		{9D9A2803-CF48-4AF5-9F22-468928BF106E}.Debug|x86.Build.0 = Debug|x86
		{9D9A2803-CF48-4AF5-9F22-468928BF106E}.Debug|x86.Deploy.0 = Debug|x86
		{9D9A2803-CF48-4AF5-9F22-468928BF106E}.Release|Any CPU.ActiveCfg = Release|Any CPU
		{9D9A2803-CF48-4AF5-9F22-468928BF106E}.Release|Any CPU.Build.0 = Release|Any CPU
		{9D9A2803-CF48-4AF5-9F22-468928BF106E}.Release|Any CPU.Deploy.0 = Release|Any CPU
		{9D9A2803-CF48-4AF5-9F22-468928BF106E}.Release|ARM.ActiveCfg = Release|ARM
		{9D9A2803-CF48-4AF5-9F22-468928BF106E}.Release|ARM.Build.0 = Release|ARM
		{9D9A2803-CF48-4AF5-9F22-468928BF106E}.Release|ARM.Deploy.0 = Release|ARM
		{9D9A2803-CF48-4AF5-9F22-468928BF106E}.Release|iPhone.ActiveCfg = Release|Any CPU
		{9D9A2803-CF48-4AF5-9F22-468928BF106E}.Release|iPhoneSimulator.ActiveCfg = Release|Any CPU
		{9D9A2803-CF48-4AF5-9F22-468928BF106E}.Release|Mixed Platforms.ActiveCfg = Release|x86
		{9D9A2803-CF48-4AF5-9F22-468928BF106E}.Release|Mixed Platforms.Build.0 = Release|x86
		{9D9A2803-CF48-4AF5-9F22-468928BF106E}.Release|Mixed Platforms.Deploy.0 = Release|x86
		{9D9A2803-CF48-4AF5-9F22-468928BF106E}.Release|x64.ActiveCfg = Release|x64
		{9D9A2803-CF48-4AF5-9F22-468928BF106E}.Release|x64.Build.0 = Release|x64
		{9D9A2803-CF48-4AF5-9F22-468928BF106E}.Release|x64.Deploy.0 = Release|x64
		{9D9A2803-CF48-4AF5-9F22-468928BF106E}.Release|x86.ActiveCfg = Release|x86
		{9D9A2803-CF48-4AF5-9F22-468928BF106E}.Release|x86.Build.0 = Release|x86
		{9D9A2803-CF48-4AF5-9F22-468928BF106E}.Release|x86.Deploy.0 = Release|x86
		{063BEC66-7FD5-4367-8608-6A075E562767}.Ad-Hoc|Any CPU.ActiveCfg = Release|Any CPU
		{063BEC66-7FD5-4367-8608-6A075E562767}.Ad-Hoc|Any CPU.Build.0 = Release|Any CPU
		{063BEC66-7FD5-4367-8608-6A075E562767}.Ad-Hoc|ARM.ActiveCfg = Release|Any CPU
		{063BEC66-7FD5-4367-8608-6A075E562767}.Ad-Hoc|iPhone.ActiveCfg = Release|Any CPU
		{063BEC66-7FD5-4367-8608-6A075E562767}.Ad-Hoc|iPhoneSimulator.ActiveCfg = Release|Any CPU
		{063BEC66-7FD5-4367-8608-6A075E562767}.Ad-Hoc|Mixed Platforms.ActiveCfg = Release|Any CPU
		{063BEC66-7FD5-4367-8608-6A075E562767}.Ad-Hoc|Mixed Platforms.Build.0 = Release|Any CPU
		{063BEC66-7FD5-4367-8608-6A075E562767}.Ad-Hoc|x64.ActiveCfg = Release|Any CPU
		{063BEC66-7FD5-4367-8608-6A075E562767}.Ad-Hoc|x86.ActiveCfg = Release|Any CPU
		{063BEC66-7FD5-4367-8608-6A075E562767}.AppStore|Any CPU.ActiveCfg = Release|Any CPU
		{063BEC66-7FD5-4367-8608-6A075E562767}.AppStore|Any CPU.Build.0 = Release|Any CPU
		{063BEC66-7FD5-4367-8608-6A075E562767}.AppStore|ARM.ActiveCfg = Release|Any CPU
		{063BEC66-7FD5-4367-8608-6A075E562767}.AppStore|iPhone.ActiveCfg = Release|Any CPU
		{063BEC66-7FD5-4367-8608-6A075E562767}.AppStore|iPhoneSimulator.ActiveCfg = Release|Any CPU
		{063BEC66-7FD5-4367-8608-6A075E562767}.AppStore|Mixed Platforms.ActiveCfg = Release|Any CPU
		{063BEC66-7FD5-4367-8608-6A075E562767}.AppStore|Mixed Platforms.Build.0 = Release|Any CPU
		{063BEC66-7FD5-4367-8608-6A075E562767}.AppStore|x64.ActiveCfg = Release|Any CPU
		{063BEC66-7FD5-4367-8608-6A075E562767}.AppStore|x86.ActiveCfg = Release|Any CPU
		{063BEC66-7FD5-4367-8608-6A075E562767}.Debug|Any CPU.ActiveCfg = Debug|Any CPU
		{063BEC66-7FD5-4367-8608-6A075E562767}.Debug|Any CPU.Build.0 = Debug|Any CPU
		{063BEC66-7FD5-4367-8608-6A075E562767}.Debug|ARM.ActiveCfg = Debug|Any CPU
		{063BEC66-7FD5-4367-8608-6A075E562767}.Debug|iPhone.ActiveCfg = Debug|Any CPU
		{063BEC66-7FD5-4367-8608-6A075E562767}.Debug|iPhoneSimulator.ActiveCfg = Debug|Any CPU
		{063BEC66-7FD5-4367-8608-6A075E562767}.Debug|Mixed Platforms.ActiveCfg = Debug|Any CPU
		{063BEC66-7FD5-4367-8608-6A075E562767}.Debug|Mixed Platforms.Build.0 = Debug|Any CPU
		{063BEC66-7FD5-4367-8608-6A075E562767}.Debug|x64.ActiveCfg = Debug|Any CPU
		{063BEC66-7FD5-4367-8608-6A075E562767}.Debug|x86.ActiveCfg = Debug|Any CPU
		{063BEC66-7FD5-4367-8608-6A075E562767}.Debug|x86.Build.0 = Debug|Any CPU
		{063BEC66-7FD5-4367-8608-6A075E562767}.Release|Any CPU.ActiveCfg = Release|Any CPU
		{063BEC66-7FD5-4367-8608-6A075E562767}.Release|Any CPU.Build.0 = Release|Any CPU
		{063BEC66-7FD5-4367-8608-6A075E562767}.Release|ARM.ActiveCfg = Release|Any CPU
		{063BEC66-7FD5-4367-8608-6A075E562767}.Release|iPhone.ActiveCfg = Release|Any CPU
		{063BEC66-7FD5-4367-8608-6A075E562767}.Release|iPhoneSimulator.ActiveCfg = Release|Any CPU
		{063BEC66-7FD5-4367-8608-6A075E562767}.Release|Mixed Platforms.ActiveCfg = Release|Any CPU
		{063BEC66-7FD5-4367-8608-6A075E562767}.Release|Mixed Platforms.Build.0 = Release|Any CPU
		{063BEC66-7FD5-4367-8608-6A075E562767}.Release|x64.ActiveCfg = Release|Any CPU
		{063BEC66-7FD5-4367-8608-6A075E562767}.Release|x86.ActiveCfg = Release|Any CPU
		{FAA2E653-90C3-4EA4-8F95-2AA8C752771B}.Ad-Hoc|Any CPU.ActiveCfg = Release|Any CPU
		{FAA2E653-90C3-4EA4-8F95-2AA8C752771B}.Ad-Hoc|Any CPU.Build.0 = Release|Any CPU
		{FAA2E653-90C3-4EA4-8F95-2AA8C752771B}.Ad-Hoc|ARM.ActiveCfg = Release|Any CPU
		{FAA2E653-90C3-4EA4-8F95-2AA8C752771B}.Ad-Hoc|iPhone.ActiveCfg = Release|Any CPU
		{FAA2E653-90C3-4EA4-8F95-2AA8C752771B}.Ad-Hoc|iPhoneSimulator.ActiveCfg = Release|Any CPU
		{FAA2E653-90C3-4EA4-8F95-2AA8C752771B}.Ad-Hoc|Mixed Platforms.ActiveCfg = Release|Any CPU
		{FAA2E653-90C3-4EA4-8F95-2AA8C752771B}.Ad-Hoc|Mixed Platforms.Build.0 = Release|Any CPU
		{FAA2E653-90C3-4EA4-8F95-2AA8C752771B}.Ad-Hoc|x64.ActiveCfg = Release|Any CPU
		{FAA2E653-90C3-4EA4-8F95-2AA8C752771B}.Ad-Hoc|x86.ActiveCfg = Release|Any CPU
		{FAA2E653-90C3-4EA4-8F95-2AA8C752771B}.AppStore|Any CPU.ActiveCfg = Release|Any CPU
		{FAA2E653-90C3-4EA4-8F95-2AA8C752771B}.AppStore|Any CPU.Build.0 = Release|Any CPU
		{FAA2E653-90C3-4EA4-8F95-2AA8C752771B}.AppStore|ARM.ActiveCfg = Release|Any CPU
		{FAA2E653-90C3-4EA4-8F95-2AA8C752771B}.AppStore|iPhone.ActiveCfg = Release|Any CPU
		{FAA2E653-90C3-4EA4-8F95-2AA8C752771B}.AppStore|iPhoneSimulator.ActiveCfg = Release|Any CPU
		{FAA2E653-90C3-4EA4-8F95-2AA8C752771B}.AppStore|Mixed Platforms.ActiveCfg = Release|Any CPU
		{FAA2E653-90C3-4EA4-8F95-2AA8C752771B}.AppStore|Mixed Platforms.Build.0 = Release|Any CPU
		{FAA2E653-90C3-4EA4-8F95-2AA8C752771B}.AppStore|x64.ActiveCfg = Release|Any CPU
		{FAA2E653-90C3-4EA4-8F95-2AA8C752771B}.AppStore|x86.ActiveCfg = Release|Any CPU
		{FAA2E653-90C3-4EA4-8F95-2AA8C752771B}.Debug|Any CPU.ActiveCfg = Debug|Any CPU
		{FAA2E653-90C3-4EA4-8F95-2AA8C752771B}.Debug|Any CPU.Build.0 = Debug|Any CPU
		{FAA2E653-90C3-4EA4-8F95-2AA8C752771B}.Debug|ARM.ActiveCfg = Debug|Any CPU
		{FAA2E653-90C3-4EA4-8F95-2AA8C752771B}.Debug|iPhone.ActiveCfg = Debug|Any CPU
		{FAA2E653-90C3-4EA4-8F95-2AA8C752771B}.Debug|iPhoneSimulator.ActiveCfg = Debug|Any CPU
		{FAA2E653-90C3-4EA4-8F95-2AA8C752771B}.Debug|Mixed Platforms.ActiveCfg = Debug|Any CPU
		{FAA2E653-90C3-4EA4-8F95-2AA8C752771B}.Debug|Mixed Platforms.Build.0 = Debug|Any CPU
		{FAA2E653-90C3-4EA4-8F95-2AA8C752771B}.Debug|x64.ActiveCfg = Debug|Any CPU
		{FAA2E653-90C3-4EA4-8F95-2AA8C752771B}.Debug|x86.ActiveCfg = Debug|Any CPU
		{FAA2E653-90C3-4EA4-8F95-2AA8C752771B}.Debug|x86.Build.0 = Debug|Any CPU
		{FAA2E653-90C3-4EA4-8F95-2AA8C752771B}.Debug|x86.Deploy.0 = Debug|Any CPU
		{FAA2E653-90C3-4EA4-8F95-2AA8C752771B}.Release|Any CPU.ActiveCfg = Release|Any CPU
		{FAA2E653-90C3-4EA4-8F95-2AA8C752771B}.Release|Any CPU.Build.0 = Release|Any CPU
		{FAA2E653-90C3-4EA4-8F95-2AA8C752771B}.Release|ARM.ActiveCfg = Release|Any CPU
		{FAA2E653-90C3-4EA4-8F95-2AA8C752771B}.Release|iPhone.ActiveCfg = Release|Any CPU
		{FAA2E653-90C3-4EA4-8F95-2AA8C752771B}.Release|iPhoneSimulator.ActiveCfg = Release|Any CPU
		{FAA2E653-90C3-4EA4-8F95-2AA8C752771B}.Release|Mixed Platforms.ActiveCfg = Release|Any CPU
		{FAA2E653-90C3-4EA4-8F95-2AA8C752771B}.Release|Mixed Platforms.Build.0 = Release|Any CPU
		{FAA2E653-90C3-4EA4-8F95-2AA8C752771B}.Release|x64.ActiveCfg = Release|Any CPU
		{FAA2E653-90C3-4EA4-8F95-2AA8C752771B}.Release|x86.ActiveCfg = Release|Any CPU
		{4F6D9509-DBAD-4910-890E-822F0E78FECE}.Ad-Hoc|Any CPU.ActiveCfg = Release|Any CPU
		{4F6D9509-DBAD-4910-890E-822F0E78FECE}.Ad-Hoc|Any CPU.Build.0 = Release|Any CPU
		{4F6D9509-DBAD-4910-890E-822F0E78FECE}.Ad-Hoc|Any CPU.Deploy.0 = Release|Any CPU
		{4F6D9509-DBAD-4910-890E-822F0E78FECE}.Ad-Hoc|ARM.ActiveCfg = Release|ARM
		{4F6D9509-DBAD-4910-890E-822F0E78FECE}.Ad-Hoc|ARM.Build.0 = Release|ARM
		{4F6D9509-DBAD-4910-890E-822F0E78FECE}.Ad-Hoc|ARM.Deploy.0 = Release|ARM
		{4F6D9509-DBAD-4910-890E-822F0E78FECE}.Ad-Hoc|iPhone.ActiveCfg = Release|Any CPU
		{4F6D9509-DBAD-4910-890E-822F0E78FECE}.Ad-Hoc|iPhoneSimulator.ActiveCfg = Release|Any CPU
		{4F6D9509-DBAD-4910-890E-822F0E78FECE}.Ad-Hoc|Mixed Platforms.ActiveCfg = Release|x86
		{4F6D9509-DBAD-4910-890E-822F0E78FECE}.Ad-Hoc|Mixed Platforms.Build.0 = Release|x86
		{4F6D9509-DBAD-4910-890E-822F0E78FECE}.Ad-Hoc|Mixed Platforms.Deploy.0 = Release|x86
		{4F6D9509-DBAD-4910-890E-822F0E78FECE}.Ad-Hoc|x64.ActiveCfg = Release|Any CPU
		{4F6D9509-DBAD-4910-890E-822F0E78FECE}.Ad-Hoc|x86.ActiveCfg = Release|x86
		{4F6D9509-DBAD-4910-890E-822F0E78FECE}.Ad-Hoc|x86.Build.0 = Release|x86
		{4F6D9509-DBAD-4910-890E-822F0E78FECE}.Ad-Hoc|x86.Deploy.0 = Release|x86
		{4F6D9509-DBAD-4910-890E-822F0E78FECE}.AppStore|Any CPU.ActiveCfg = Release|Any CPU
		{4F6D9509-DBAD-4910-890E-822F0E78FECE}.AppStore|Any CPU.Build.0 = Release|Any CPU
		{4F6D9509-DBAD-4910-890E-822F0E78FECE}.AppStore|Any CPU.Deploy.0 = Release|Any CPU
		{4F6D9509-DBAD-4910-890E-822F0E78FECE}.AppStore|ARM.ActiveCfg = Release|ARM
		{4F6D9509-DBAD-4910-890E-822F0E78FECE}.AppStore|ARM.Build.0 = Release|ARM
		{4F6D9509-DBAD-4910-890E-822F0E78FECE}.AppStore|ARM.Deploy.0 = Release|ARM
		{4F6D9509-DBAD-4910-890E-822F0E78FECE}.AppStore|iPhone.ActiveCfg = Release|Any CPU
		{4F6D9509-DBAD-4910-890E-822F0E78FECE}.AppStore|iPhoneSimulator.ActiveCfg = Release|Any CPU
		{4F6D9509-DBAD-4910-890E-822F0E78FECE}.AppStore|Mixed Platforms.ActiveCfg = Release|x86
		{4F6D9509-DBAD-4910-890E-822F0E78FECE}.AppStore|Mixed Platforms.Build.0 = Release|x86
		{4F6D9509-DBAD-4910-890E-822F0E78FECE}.AppStore|Mixed Platforms.Deploy.0 = Release|x86
		{4F6D9509-DBAD-4910-890E-822F0E78FECE}.AppStore|x64.ActiveCfg = Release|Any CPU
		{4F6D9509-DBAD-4910-890E-822F0E78FECE}.AppStore|x86.ActiveCfg = Release|x86
		{4F6D9509-DBAD-4910-890E-822F0E78FECE}.AppStore|x86.Build.0 = Release|x86
		{4F6D9509-DBAD-4910-890E-822F0E78FECE}.AppStore|x86.Deploy.0 = Release|x86
		{4F6D9509-DBAD-4910-890E-822F0E78FECE}.Debug|Any CPU.ActiveCfg = Debug|Any CPU
		{4F6D9509-DBAD-4910-890E-822F0E78FECE}.Debug|Any CPU.Build.0 = Debug|Any CPU
		{4F6D9509-DBAD-4910-890E-822F0E78FECE}.Debug|Any CPU.Deploy.0 = Debug|Any CPU
		{4F6D9509-DBAD-4910-890E-822F0E78FECE}.Debug|ARM.ActiveCfg = Debug|ARM
		{4F6D9509-DBAD-4910-890E-822F0E78FECE}.Debug|ARM.Build.0 = Debug|ARM
		{4F6D9509-DBAD-4910-890E-822F0E78FECE}.Debug|ARM.Deploy.0 = Debug|ARM
		{4F6D9509-DBAD-4910-890E-822F0E78FECE}.Debug|iPhone.ActiveCfg = Debug|Any CPU
		{4F6D9509-DBAD-4910-890E-822F0E78FECE}.Debug|iPhoneSimulator.ActiveCfg = Debug|Any CPU
		{4F6D9509-DBAD-4910-890E-822F0E78FECE}.Debug|Mixed Platforms.ActiveCfg = Debug|x86
		{4F6D9509-DBAD-4910-890E-822F0E78FECE}.Debug|Mixed Platforms.Build.0 = Debug|x86
		{4F6D9509-DBAD-4910-890E-822F0E78FECE}.Debug|Mixed Platforms.Deploy.0 = Debug|x86
		{4F6D9509-DBAD-4910-890E-822F0E78FECE}.Debug|x64.ActiveCfg = Debug|Any CPU
		{4F6D9509-DBAD-4910-890E-822F0E78FECE}.Debug|x86.ActiveCfg = Debug|x86
		{4F6D9509-DBAD-4910-890E-822F0E78FECE}.Debug|x86.Build.0 = Debug|x86
		{4F6D9509-DBAD-4910-890E-822F0E78FECE}.Debug|x86.Deploy.0 = Debug|x86
		{4F6D9509-DBAD-4910-890E-822F0E78FECE}.Release|Any CPU.ActiveCfg = Release|Any CPU
		{4F6D9509-DBAD-4910-890E-822F0E78FECE}.Release|Any CPU.Build.0 = Release|Any CPU
		{4F6D9509-DBAD-4910-890E-822F0E78FECE}.Release|Any CPU.Deploy.0 = Release|Any CPU
		{4F6D9509-DBAD-4910-890E-822F0E78FECE}.Release|ARM.ActiveCfg = Release|ARM
		{4F6D9509-DBAD-4910-890E-822F0E78FECE}.Release|ARM.Build.0 = Release|ARM
		{4F6D9509-DBAD-4910-890E-822F0E78FECE}.Release|ARM.Deploy.0 = Release|ARM
		{4F6D9509-DBAD-4910-890E-822F0E78FECE}.Release|iPhone.ActiveCfg = Release|Any CPU
		{4F6D9509-DBAD-4910-890E-822F0E78FECE}.Release|iPhoneSimulator.ActiveCfg = Release|Any CPU
		{4F6D9509-DBAD-4910-890E-822F0E78FECE}.Release|Mixed Platforms.ActiveCfg = Release|x86
		{4F6D9509-DBAD-4910-890E-822F0E78FECE}.Release|Mixed Platforms.Build.0 = Release|x86
		{4F6D9509-DBAD-4910-890E-822F0E78FECE}.Release|Mixed Platforms.Deploy.0 = Release|x86
		{4F6D9509-DBAD-4910-890E-822F0E78FECE}.Release|x64.ActiveCfg = Release|Any CPU
		{4F6D9509-DBAD-4910-890E-822F0E78FECE}.Release|x86.ActiveCfg = Release|x86
		{4F6D9509-DBAD-4910-890E-822F0E78FECE}.Release|x86.Build.0 = Release|x86
		{4F6D9509-DBAD-4910-890E-822F0E78FECE}.Release|x86.Deploy.0 = Release|x86
		{959AEE18-071A-4222-9A21-EC45BFBBA492}.Ad-Hoc|Any CPU.ActiveCfg = Ad-Hoc|iPhone
		{959AEE18-071A-4222-9A21-EC45BFBBA492}.Ad-Hoc|ARM.ActiveCfg = Ad-Hoc|iPhone
		{959AEE18-071A-4222-9A21-EC45BFBBA492}.Ad-Hoc|iPhone.ActiveCfg = Ad-Hoc|iPhone
		{959AEE18-071A-4222-9A21-EC45BFBBA492}.Ad-Hoc|iPhone.Build.0 = Ad-Hoc|iPhone
		{959AEE18-071A-4222-9A21-EC45BFBBA492}.Ad-Hoc|iPhoneSimulator.ActiveCfg = Ad-Hoc|iPhoneSimulator
		{959AEE18-071A-4222-9A21-EC45BFBBA492}.Ad-Hoc|iPhoneSimulator.Build.0 = Ad-Hoc|iPhoneSimulator
		{959AEE18-071A-4222-9A21-EC45BFBBA492}.Ad-Hoc|Mixed Platforms.ActiveCfg = Ad-Hoc|iPhone
		{959AEE18-071A-4222-9A21-EC45BFBBA492}.Ad-Hoc|Mixed Platforms.Build.0 = Ad-Hoc|iPhone
		{959AEE18-071A-4222-9A21-EC45BFBBA492}.Ad-Hoc|x64.ActiveCfg = Ad-Hoc|iPhone
		{959AEE18-071A-4222-9A21-EC45BFBBA492}.Ad-Hoc|x86.ActiveCfg = Ad-Hoc|iPhone
		{959AEE18-071A-4222-9A21-EC45BFBBA492}.AppStore|Any CPU.ActiveCfg = AppStore|iPhone
		{959AEE18-071A-4222-9A21-EC45BFBBA492}.AppStore|ARM.ActiveCfg = AppStore|iPhone
		{959AEE18-071A-4222-9A21-EC45BFBBA492}.AppStore|iPhone.ActiveCfg = AppStore|iPhone
		{959AEE18-071A-4222-9A21-EC45BFBBA492}.AppStore|iPhone.Build.0 = AppStore|iPhone
		{959AEE18-071A-4222-9A21-EC45BFBBA492}.AppStore|iPhoneSimulator.ActiveCfg = AppStore|iPhoneSimulator
		{959AEE18-071A-4222-9A21-EC45BFBBA492}.AppStore|iPhoneSimulator.Build.0 = AppStore|iPhoneSimulator
		{959AEE18-071A-4222-9A21-EC45BFBBA492}.AppStore|Mixed Platforms.ActiveCfg = AppStore|iPhone
		{959AEE18-071A-4222-9A21-EC45BFBBA492}.AppStore|Mixed Platforms.Build.0 = AppStore|iPhone
		{959AEE18-071A-4222-9A21-EC45BFBBA492}.AppStore|x64.ActiveCfg = AppStore|iPhone
		{959AEE18-071A-4222-9A21-EC45BFBBA492}.AppStore|x86.ActiveCfg = AppStore|iPhone
		{959AEE18-071A-4222-9A21-EC45BFBBA492}.Debug|Any CPU.ActiveCfg = Debug|iPhone
		{959AEE18-071A-4222-9A21-EC45BFBBA492}.Debug|ARM.ActiveCfg = Debug|iPhone
		{959AEE18-071A-4222-9A21-EC45BFBBA492}.Debug|iPhone.ActiveCfg = Debug|iPhone
		{959AEE18-071A-4222-9A21-EC45BFBBA492}.Debug|iPhone.Build.0 = Debug|iPhone
		{959AEE18-071A-4222-9A21-EC45BFBBA492}.Debug|iPhoneSimulator.ActiveCfg = Debug|iPhoneSimulator
		{959AEE18-071A-4222-9A21-EC45BFBBA492}.Debug|iPhoneSimulator.Build.0 = Debug|iPhoneSimulator
		{959AEE18-071A-4222-9A21-EC45BFBBA492}.Debug|Mixed Platforms.ActiveCfg = Debug|iPhone
		{959AEE18-071A-4222-9A21-EC45BFBBA492}.Debug|Mixed Platforms.Build.0 = Debug|iPhone
		{959AEE18-071A-4222-9A21-EC45BFBBA492}.Debug|x64.ActiveCfg = Debug|iPhone
		{959AEE18-071A-4222-9A21-EC45BFBBA492}.Debug|x86.ActiveCfg = Debug|iPhone
		{959AEE18-071A-4222-9A21-EC45BFBBA492}.Release|Any CPU.ActiveCfg = Release|iPhone
		{959AEE18-071A-4222-9A21-EC45BFBBA492}.Release|ARM.ActiveCfg = Release|iPhone
		{959AEE18-071A-4222-9A21-EC45BFBBA492}.Release|iPhone.ActiveCfg = Release|iPhone
		{959AEE18-071A-4222-9A21-EC45BFBBA492}.Release|iPhone.Build.0 = Release|iPhone
		{959AEE18-071A-4222-9A21-EC45BFBBA492}.Release|iPhoneSimulator.ActiveCfg = Release|iPhoneSimulator
		{959AEE18-071A-4222-9A21-EC45BFBBA492}.Release|iPhoneSimulator.Build.0 = Release|iPhoneSimulator
		{959AEE18-071A-4222-9A21-EC45BFBBA492}.Release|Mixed Platforms.ActiveCfg = Release|iPhone
		{959AEE18-071A-4222-9A21-EC45BFBBA492}.Release|Mixed Platforms.Build.0 = Release|iPhone
		{959AEE18-071A-4222-9A21-EC45BFBBA492}.Release|x64.ActiveCfg = Release|iPhone
		{959AEE18-071A-4222-9A21-EC45BFBBA492}.Release|x86.ActiveCfg = Release|iPhone
	EndGlobalSection
	GlobalSection(SolutionProperties) = preSolution
		HideSolutionNode = FALSE
	EndGlobalSection
EndGlobal
